
Microsoft Visual Studio Solution File, Format Version 12.00
# Visual Studio Version 16
VisualStudioVersion = 16.0.30907.101
MinimumVisualStudioVersion = 10.0.40219.1
Project("{FAE04EC0-301F-11D3-BF4B-00C04F79EFBC}") = "BottleShop", "BottleShop\BottleShop.csproj", "{F11FF012-C5E7-4B5B-9833-1E1D054280D5}"
EndProject
Project("{FAE04EC0-301F-11D3-BF4B-00C04F79EFBC}") = "BottleShop.Models", "BottleShop.Models\BottleShop.Models.csproj", "{0D3133AB-D039-4782-BB36-143C492BC4C2}"
EndProject
Project("{FAE04EC0-301F-11D3-BF4B-00C04F79EFBC}") = "BottleShop.Services", "BottleShop.Services\BottleShop.Services.csproj", "{BF8A613C-941A-40E4-AA74-E9555E71D210}"
EndProject
Project("{FAE04EC0-301F-11D3-BF4B-00C04F79EFBC}") = "BottleShop.Storage", "BottleShop.Storage\BottleShop.Storage.csproj", "{18C1F76D-78A3-461A-B755-E3C6E4EF9043}"
EndProject
Global
	GlobalSection(SolutionConfigurationPlatforms) = preSolution
		Debug|Any CPU = Debug|Any CPU
		Release|Any CPU = Release|Any CPU
	EndGlobalSection
	GlobalSection(ProjectConfigurationPlatforms) = postSolution
		{F11FF012-C5E7-4B5B-9833-1E1D054280D5}.Debug|Any CPU.ActiveCfg = Debug|Any CPU
		{F11FF012-C5E7-4B5B-9833-1E1D054280D5}.Debug|Any CPU.Build.0 = Debug|Any CPU
		{F11FF012-C5E7-4B5B-9833-1E1D054280D5}.Release|Any CPU.ActiveCfg = Release|Any CPU
		{F11FF012-C5E7-4B5B-9833-1E1D054280D5}.Release|Any CPU.Build.0 = Release|Any CPU
		{0D3133AB-D039-4782-BB36-143C492BC4C2}.Debug|Any CPU.ActiveCfg = Debug|Any CPU
		{0D3133AB-D039-4782-BB36-143C492BC4C2}.Debug|Any CPU.Build.0 = Debug|Any CPU
		{0D3133AB-D039-4782-BB36-143C492BC4C2}.Release|Any CPU.ActiveCfg = Release|Any CPU
		{0D3133AB-D039-4782-BB36-143C492BC4C2}.Release|Any CPU.Build.0 = Release|Any CPU
		{BF8A613C-941A-40E4-AA74-E9555E71D210}.Debug|Any CPU.ActiveCfg = Debug|Any CPU
		{BF8A613C-941A-40E4-AA74-E9555E71D210}.Debug|Any CPU.Build.0 = Debug|Any CPU
		{BF8A613C-941A-40E4-AA74-E9555E71D210}.Release|Any CPU.ActiveCfg = Release|Any CPU
		{BF8A613C-941A-40E4-AA74-E9555E71D210}.Release|Any CPU.Build.0 = Release|Any CPU
		{18C1F76D-78A3-461A-B755-E3C6E4EF9043}.Debug|Any CPU.ActiveCfg = Debug|Any CPU
		{18C1F76D-78A3-461A-B755-E3C6E4EF9043}.Debug|Any CPU.Build.0 = Debug|Any CPU
		{18C1F76D-78A3-461A-B755-E3C6E4EF9043}.Release|Any CPU.ActiveCfg = Release|Any CPU
		{18C1F76D-78A3-461A-B755-E3C6E4EF9043}.Release|Any CPU.Build.0 = Release|Any CPU
	EndGlobalSection
	GlobalSection(SolutionProperties) = preSolution
		HideSolutionNode = FALSE
	EndGlobalSection
	GlobalSection(ExtensibilityGlobals) = postSolution
		SolutionGuid = {9AB82B81-E1E3-4A8B-B9DE-1873FBC55F10}
	EndGlobalSection
EndGlobal
